{
  "originHash" : "e1028d2ecad9ead0b226bd418b810a77b784f85a25b11c33b0387a0809878ddc",
  "pins" : [
    {
      "identity" : "tangem-sdk-ios",
      "kind" : "remoteSourceControl",
      "location" : "https://github.com/C0C41N/tangem-sdk-ios",
      "state" : {
        "branch" : "release/codora",
        "revision" : "f4853526c0c8d364c12d64ff28b50e2fa2b3382f"
      }
    }
  ],
  "version" : 3
}
